
Microsoft Visual Studio Solution File, Format Version 12.00
# Visual Studio Version 17
VisualStudioVersion = 17.4.33122.133
MinimumVisualStudioVersion = 10.0.40219.1
Project("{FAE04EC0-301F-11D3-BF4B-00C04F79EFBC}") = "NumberAnalyzer", "NumberAnalyzer\NumberAnalyzer.csproj", "{71F341D4-DFFF-4A1D-B854-2D7D5AAB7FB6}"
EndProject
Global
	GlobalSection(SolutionConfigurationPlatforms) = preSolution
		Debug|Any CPU = Debug|Any CPU
		Release|Any CPU = Release|Any CPU
	EndGlobalSection
	GlobalSection(ProjectConfigurationPlatforms) = postSolution
		{71F341D4-DFFF-4A1D-B854-2D7D5AAB7FB6}.Debug|Any CPU.ActiveCfg = Debug|Any CPU
		{71F341D4-DFFF-4A1D-B854-2D7D5AAB7FB6}.Debug|Any CPU.Build.0 = Debug|Any CPU
		{71F341D4-DFFF-4A1D-B854-2D7D5AAB7FB6}.Release|Any CPU.ActiveCfg = Release|Any CPU
		{71F341D4-DFFF-4A1D-B854-2D7D5AAB7FB6}.Release|Any CPU.Build.0 = Release|Any CPU
	EndGlobalSection
	GlobalSection(SolutionProperties) = preSolution
		HideSolutionNode = FALSE
	EndGlobalSection
	GlobalSection(ExtensibilityGlobals) = postSolution
		SolutionGuid = {6EC333D4-2A24-4A13-9FEF-D3C89534D3CD}
	EndGlobalSection
EndGlobal
